
Microsoft Visual Studio Solution File, Format Version 12.00
# Visual Studio Version 17
VisualStudioVersion = 17.10.34916.146
MinimumVisualStudioVersion = 10.0.40219.1
Project("{FAE04EC0-301F-11D3-BF4B-00C04F79EFBC}") = "Gosuji", "Gosuji\Gosuji\Gosuji.csproj", "{6112A29E-1EA5-4CB5-990A-CA17C8881D87}"
EndProject
Project("{FAE04EC0-301F-11D3-BF4B-00C04F79EFBC}") = "Gosuji.Client", "Gosuji\Gosuji.Client\Gosuji.Client.csproj", "{635D8A51-B814-4D0D-8427-09B845CAF860}"
EndProject
Global
	GlobalSection(SolutionConfigurationPlatforms) = preSolution
		Debug|Any CPU = Debug|Any CPU
		Release|Any CPU = Release|Any CPU
	EndGlobalSection
	GlobalSection(ProjectConfigurationPlatforms) = postSolution
		{6112A29E-1EA5-4CB5-990A-CA17C8881D87}.Debug|Any CPU.ActiveCfg = Debug|Any CPU
		{6112A29E-1EA5-4CB5-990A-CA17C8881D87}.Debug|Any CPU.Build.0 = Debug|Any CPU
		{6112A29E-1EA5-4CB5-990A-CA17C8881D87}.Release|Any CPU.ActiveCfg = Release|Any CPU
		{6112A29E-1EA5-4CB5-990A-CA17C8881D87}.Release|Any CPU.Build.0 = Release|Any CPU
		{635D8A51-B814-4D0D-8427-09B845CAF860}.Debug|Any CPU.ActiveCfg = Debug|Any CPU
		{635D8A51-B814-4D0D-8427-09B845CAF860}.Debug|Any CPU.Build.0 = Debug|Any CPU
		{635D8A51-B814-4D0D-8427-09B845CAF860}.Release|Any CPU.ActiveCfg = Release|Any CPU
		{635D8A51-B814-4D0D-8427-09B845CAF860}.Release|Any CPU.Build.0 = Release|Any CPU
	EndGlobalSection
	GlobalSection(SolutionProperties) = preSolution
		HideSolutionNode = FALSE
	EndGlobalSection
	GlobalSection(ExtensibilityGlobals) = postSolution
		SolutionGuid = {CAA6A9FA-ABAF-4068-A0FA-D08B7749DB80}
	EndGlobalSection
EndGlobal
